
Microsoft Visual Studio Solution File, Format Version 11.00
# Visual Studio 2010
Project("{FAE04EC0-301F-11D3-BF4B-00C04F79EFBC}") = "Assembly-CSharp", "Assembly-CSharp.csproj", "{D4FA7D42-8238-E07D-4FE4-12C920E5AEB1}"
EndProject
Project("{FAE04EC0-301F-11D3-BF4B-00C04F79EFBC}") = "Assembly-CSharp-Editor", "Assembly-CSharp-Editor.csproj", "{ECEEA6B6-2F60-84AE-8CF5-34BD9B1EC64D}"
EndProject
Global
	GlobalSection(SolutionConfigurationPlatforms) = preSolution
		Debug|Any CPU = Debug|Any CPU
		Release|Any CPU = Release|Any CPU
	EndGlobalSection
	GlobalSection(ProjectConfigurationPlatforms) = postSolution
		{D4FA7D42-8238-E07D-4FE4-12C920E5AEB1}.Debug|Any CPU.ActiveCfg = Debug|Any CPU
		{D4FA7D42-8238-E07D-4FE4-12C920E5AEB1}.Debug|Any CPU.Build.0 = Debug|Any CPU
		{D4FA7D42-8238-E07D-4FE4-12C920E5AEB1}.Release|Any CPU.ActiveCfg = Release|Any CPU
		{D4FA7D42-8238-E07D-4FE4-12C920E5AEB1}.Release|Any CPU.Build.0 = Release|Any CPU
		{ECEEA6B6-2F60-84AE-8CF5-34BD9B1EC64D}.Debug|Any CPU.ActiveCfg = Debug|Any CPU
		{ECEEA6B6-2F60-84AE-8CF5-34BD9B1EC64D}.Debug|Any CPU.Build.0 = Debug|Any CPU
		{ECEEA6B6-2F60-84AE-8CF5-34BD9B1EC64D}.Release|Any CPU.ActiveCfg = Release|Any CPU
		{ECEEA6B6-2F60-84AE-8CF5-34BD9B1EC64D}.Release|Any CPU.Build.0 = Release|Any CPU
	EndGlobalSection
	GlobalSection(SolutionProperties) = preSolution
		HideSolutionNode = FALSE
	EndGlobalSection
	GlobalSection(MonoDevelopProperties) = preSolution
		StartupItem = Assembly-CSharp.csproj
	EndGlobalSection
EndGlobal
